// !$*UTF8*$!
{
	archiveVersion = 1;
	classes = {
	};
	objectVersion = 48;
	objects = {

/* Begin PBXBuildFile section */
		2AAD13641FC2D29700A0DB8C /* AView.m in Sources */ = {isa = PBXBuildFile; fileRef = 2AAD13631FC2D29700A0DB8C /* AView.m */; };
		2AFB2B551FB00EF5002ECF46 /* AppDelegate.m in Sources */ = {isa = PBXBuildFile; fileRef = 2AFB2B541FB00EF5002ECF46 /* AppDelegate.m */; };
		2AFB2B581FB00EF5002ECF46 /* ViewController.m in Sources */ = {isa = PBXBuildFile; fileRef = 2AFB2B571FB00EF5002ECF46 /* ViewController.m */; };
		2AFB2B5B1FB00EF5002ECF46 /* Main.storyboard in Resources */ = {isa = PBXBuildFile; fileRef = 2AFB2B591FB00EF5002ECF46 /* Main.storyboard */; };
		2AFB2B5D1FB00EF5002ECF46 /* Assets.xcassets in Resources */ = {isa = PBXBuildFile; fileRef = 2AFB2B5C1FB00EF5002ECF46 /* Assets.xcassets */; };
		2AFB2B601FB00EF5002ECF46 /* LaunchScreen.storyboard in Resources */ = {isa = PBXBuildFile; fileRef = 2AFB2B5E1FB00EF5002ECF46 /* LaunchScreen.storyboard */; };
		2AFB2B631FB00EF5002ECF46 /* main.m in Sources */ = {isa = PBXBuildFile; fileRef = 2AFB2B621FB00EF5002ECF46 /* main.m */; };
		2AFB2B6B1FB00F34002ECF46 /* SIMManagers.m in Sources */ = {isa = PBXBuildFile; fileRef = 2AFB2B6A1FB00F34002ECF46 /* SIMManagers.m */; };
		2AFB2B6F1FB05CFB002ECF46 /* UIView+Boom.m in Sources */ = {isa = PBXBuildFile; fileRef = 2AFB2B6D1FB05CFB002ECF46 /* UIView+Boom.m */; };
/* End PBXBuildFile section */

/* Begin PBXFileReference section */
		2A241D531FD9993C008E29E1 /* BLWBT.gpx */ = {isa = PBXFileReference; lastKnownFileType = text.xml; path = BLWBT.gpx; sourceTree = "<group>"; };
		2A5BD6611FB9D2340013CC24 /* TIT.gpx */ = {isa = PBXFileReference; lastKnownFileType = text.xml; path = TIT.gpx; sourceTree = "<group>"; };
		2A5BD6621FB9D37C0013CC24 /* CC.gpx */ = {isa = PBXFileReference; lastKnownFileType = text.xml; path = CC.gpx; sourceTree = "<group>"; };
		2A5BD6631FB9D5A40013CC24 /* LGQ.gpx */ = {isa = PBXFileReference; lastKnownFileType = text.xml; path = LGQ.gpx; sourceTree = "<group>"; };
		2A5BD6641FB9DA0F0013CC24 /* YLJ.gpx */ = {isa = PBXFileReference; lastKnownFileType = text.xml; path = YLJ.gpx; sourceTree = "<group>"; };
		2A5BD6651FB9DB1E0013CC24 /* QZGY.gpx */ = {isa = PBXFileReference; lastKnownFileType = text.xml; path = QZGY.gpx; sourceTree = "<group>"; };
		2AAD13621FC2D29700A0DB8C /* AView.h */ = {isa = PBXFileReference; lastKnownFileType = sourcecode.c.h; path = AView.h; sourceTree = "<group>"; };
		2AAD13631FC2D29700A0DB8C /* AView.m */ = {isa = PBXFileReference; lastKnownFileType = sourcecode.c.objc; path = AView.m; sourceTree = "<group>"; };
		2AFB2B501FB00EF5002ECF46 /* SIMDEMO.app */ = {isa = PBXFileReference; explicitFileType = wrapper.application; includeInIndex = 0; path = SIMDEMO.app; sourceTree = BUILT_PRODUCTS_DIR; };
		2AFB2B531FB00EF5002ECF46 /* AppDelegate.h */ = {isa = PBXFileReference; lastKnownFileType = sourcecode.c.h; path = AppDelegate.h; sourceTree = "<group>"; };
		2AFB2B541FB00EF5002ECF46 /* AppDelegate.m */ = {isa = PBXFileReference; lastKnownFileType = sourcecode.c.objc; path = AppDelegate.m; sourceTree = "<group>"; };
		2AFB2B561FB00EF5002ECF46 /* ViewController.h */ = {isa = PBXFileReference; lastKnownFileType = sourcecode.c.h; path = ViewController.h; sourceTree = "<group>"; };
		2AFB2B571FB00EF5002ECF46 /* ViewController.m */ = {isa = PBXFileReference; lastKnownFileType = sourcecode.c.objc; path = ViewController.m; sourceTree = "<group>"; };
		2AFB2B5A1FB00EF5002ECF46 /* Base */ = {isa = PBXFileReference; lastKnownFileType = file.storyboard; name = Base; path = Base.lproj/Main.storyboard; sourceTree = "<group>"; };
		2AFB2B5C1FB00EF5002ECF46 /* Assets.xcassets */ = {isa = PBXFileReference; lastKnownFileType = folder.assetcatalog; path = Assets.xcassets; sourceTree = "<group>"; };
		2AFB2B5F1FB00EF5002ECF46 /* Base */ = {isa = PBXFileReference; lastKnownFileType = file.storyboard; name = Base; path = Base.lproj/LaunchScreen.storyboard; sourceTree = "<group>"; };
		2AFB2B611FB00EF5002ECF46 /* Info.plist */ = {isa = PBXFileReference; lastKnownFileType = text.plist.xml; path = Info.plist; sourceTree = "<group>"; };
		2AFB2B621FB00EF5002ECF46 /* main.m */ = {isa = PBXFileReference; lastKnownFileType = sourcecode.c.objc; path = main.m; sourceTree = "<group>"; };
		2AFB2B691FB00F34002ECF46 /* SIMManagers.h */ = {isa = PBXFileReference; lastKnownFileType = sourcecode.c.h; path = SIMManagers.h; sourceTree = "<group>"; };
		2AFB2B6A1FB00F34002ECF46 /* SIMManagers.m */ = {isa = PBXFileReference; lastKnownFileType = sourcecode.c.objc; path = SIMManagers.m; sourceTree = "<group>"; };
		2AFB2B6D1FB05CFB002ECF46 /* UIView+Boom.m */ = {isa = PBXFileReference; fileEncoding = 4; lastKnownFileType = sourcecode.c.objc; path = "UIView+Boom.m"; sourceTree = "<group>"; };
		2AFB2B6E1FB05CFB002ECF46 /* UIView+Boom.h */ = {isa = PBXFileReference; fileEncoding = 4; lastKnownFileType = sourcecode.c.h; path = "UIView+Boom.h"; sourceTree = "<group>"; };
/* End PBXFileReference section */

/* Begin PBXFrameworksBuildPhase section */
		2AFB2B4D1FB00EF5002ECF46 /* Frameworks */ = {
			isa = PBXFrameworksBuildPhase;
			buildActionMask = 2147483647;
			files = (
			);
			runOnlyForDeploymentPostprocessing = 0;
		};
/* End PBXFrameworksBuildPhase section */

/* Begin PBXGroup section */
		2AFB2B471FB00EF5002ECF46 = {
			isa = PBXGroup;
			children = (
				2AFB2B521FB00EF5002ECF46 /* SIMDEMO */,
				2AFB2B511FB00EF5002ECF46 /* Products */,
			);
			sourceTree = "<group>";
		};
		2AFB2B511FB00EF5002ECF46 /* Products */ = {
			isa = PBXGroup;
			children = (
				2AFB2B501FB00EF5002ECF46 /* SIMDEMO.app */,
			);
			name = Products;
			sourceTree = "<group>";
		};
		2AFB2B521FB00EF5002ECF46 /* SIMDEMO */ = {
			isa = PBXGroup;
			children = (
				2AFB2B531FB00EF5002ECF46 /* AppDelegate.h */,
				2AFB2B541FB00EF5002ECF46 /* AppDelegate.m */,
				2AFB2B561FB00EF5002ECF46 /* ViewController.h */,
				2AFB2B571FB00EF5002ECF46 /* ViewController.m */,
				2AAD13621FC2D29700A0DB8C /* AView.h */,
				2AAD13631FC2D29700A0DB8C /* AView.m */,
				2AFB2B691FB00F34002ECF46 /* SIMManagers.h */,
				2AFB2B6A1FB00F34002ECF46 /* SIMManagers.m */,
				2AFB2B6E1FB05CFB002ECF46 /* UIView+Boom.h */,
				2AFB2B6D1FB05CFB002ECF46 /* UIView+Boom.m */,
				2AFB2B591FB00EF5002ECF46 /* Main.storyboard */,
				2AFB2B5C1FB00EF5002ECF46 /* Assets.xcassets */,
				2AFB2B5E1FB00EF5002ECF46 /* LaunchScreen.storyboard */,
				2AFB2B611FB00EF5002ECF46 /* Info.plist */,
				2AFB2B621FB00EF5002ECF46 /* main.m */,
				2A5BD6611FB9D2340013CC24 /* TIT.gpx */,
				2A241D531FD9993C008E29E1 /* BLWBT.gpx */,
				2A5BD6621FB9D37C0013CC24 /* CC.gpx */,
				2A5BD6631FB9D5A40013CC24 /* LGQ.gpx */,
				2A5BD6641FB9DA0F0013CC24 /* YLJ.gpx */,
				2A5BD6651FB9DB1E0013CC24 /* QZGY.gpx */,
			);
			path = SIMDEMO;
			sourceTree = "<group>";
		};
/* End PBXGroup section */

/* Begin PBXNativeTarget section */
		2AFB2B4F1FB00EF5002ECF46 /* SIMDEMO */ = {
			isa = PBXNativeTarget;
			buildConfigurationList = 2AFB2B661FB00EF5002ECF46 /* Build configuration list for PBXNativeTarget "SIMDEMO" */;
			buildPhases = (
				2AFB2B4C1FB00EF5002ECF46 /* Sources */,
				2AFB2B4D1FB00EF5002ECF46 /* Frameworks */,
				2AFB2B4E1FB00EF5002ECF46 /* Resources */,
			);
			buildRules = (
			);
			dependencies = (
			);
			name = SIMDEMO;
			productName = SIMDEMO;
			productReference = 2AFB2B501FB00EF5002ECF46 /* SIMDEMO.app */;
			productType = "com.apple.product-type.application";
		};
/* End PBXNativeTarget section */

/* Begin PBXProject section */
		2AFB2B481FB00EF5002ECF46 /* Project object */ = {
			isa = PBXProject;
			attributes = {
				LastUpgradeCheck = 0900;
				ORGANIZATIONNAME = Louis;
				TargetAttributes = {
					2AFB2B4F1FB00EF5002ECF46 = {
						CreatedOnToolsVersion = 9.0.1;
						ProvisioningStyle = Automatic;
					};
				};
			};
			buildConfigurationList = 2AFB2B4B1FB00EF5002ECF46 /* Build configuration list for PBXProject "SIMDEMO" */;
			compatibilityVersion = "Xcode 8.0";
			developmentRegion = en;
			hasScannedForEncodings = 0;
			knownRegions = (
				en,
				Base,
			);
			mainGroup = 2AFB2B471FB00EF5002ECF46;
			productRefGroup = 2AFB2B511FB00EF5002ECF46 /* Products */;
			projectDirPath = "";
			projectRoot = "";
			targets = (
				2AFB2B4F1FB00EF5002ECF46 /* SIMDEMO */,
			);
		};
/* End PBXProject section */

/* Begin PBXResourcesBuildPhase section */
		2AFB2B4E1FB00EF5002ECF46 /* Resources */ = {
			isa = PBXResourcesBuildPhase;
			buildActionMask = 2147483647;
			files = (
				2AFB2B601FB00EF5002ECF46 /* LaunchScreen.storyboard in Resources */,
				2AFB2B5D1FB00EF5002ECF46 /* Assets.xcassets in Resources */,
				2AFB2B5B1FB00EF5002ECF46 /* Main.storyboard in Resources */,
			);
			runOnlyForDeploymentPostprocessing = 0;
		};
/* End PBXResourcesBuildPhase section */

/* Begin PBXSourcesBuildPhase section */
		2AFB2B4C1FB00EF5002ECF46 /* Sources */ = {
			isa = PBXSourcesBuildPhase;
			buildActionMask = 2147483647;
			files = (
				2AAD13641FC2D29700A0DB8C /* AView.m in Sources */,
				2AFB2B581FB00EF5002ECF46 /* ViewController.m in Sources */,
				2AFB2B6F1FB05CFB002ECF46 /* UIView+Boom.m in Sources */,
				2AFB2B631FB00EF5002ECF46 /* main.m in Sources */,
				2AFB2B551FB00EF5002ECF46 /* AppDelegate.m in Sources */,
				2AFB2B6B1FB00F34002ECF46 /* SIMManagers.m in Sources */,
			);
			runOnlyForDeploymentPostprocessing = 0;
		};
/* End PBXSourcesBuildPhase section */

/* Begin PBXVariantGroup section */
		2AFB2B591FB00EF5002ECF46 /* Main.storyboard */ = {
			isa = PBXVariantGroup;
			children = (
				2AFB2B5A1FB00EF5002ECF46 /* Base */,
			);
			name = Main.storyboard;
			sourceTree = "<group>";
		};
		2AFB2B5E1FB00EF5002ECF46 /* LaunchScreen.storyboard */ = {
			isa = PBXVariantGroup;
			children = (
				2AFB2B5F1FB00EF5002ECF46 /* Base */,
			);
			name = LaunchScreen.storyboard;
			sourceTree = "<group>";
		};
/* End PBXVariantGroup section */

/* Begin XCBuildConfiguration section */
		2AFB2B641FB00EF5002ECF46 /* Debug */ = {
			isa = XCBuildConfiguration;
			buildSettings = {
				ALWAYS_SEARCH_USER_PATHS = NO;
				CLANG_ANALYZER_NONNULL = YES;
				CLANG_ANALYZER_NUMBER_OBJECT_CONVERSION = YES_AGGRESSIVE;
				CLANG_CXX_LANGUAGE_STANDARD = "gnu++14";
				CLANG_CXX_LIBRARY = "libc++";
				CLANG_ENABLE_MODULES = YES;
				CLANG_ENABLE_OBJC_ARC = YES;
				CLANG_WARN_BLOCK_CAPTURE_AUTORELEASING = YES;
				CLANG_WARN_BOOL_CONVERSION = YES;
				CLANG_WARN_COMMA = YES;
				CLANG_WARN_CONSTANT_CONVERSION = YES;
				CLANG_WARN_DIRECT_OBJC_ISA_USAGE = YES_ERROR;
				CLANG_WARN_DOCUMENTATION_COMMENTS = YES;
				CLANG_WARN_EMPTY_BODY = YES;
				CLANG_WARN_ENUM_CONVERSION = YES;
				CLANG_WARN_INFINITE_RECURSION = YES;
				CLANG_WARN_INT_CONVERSION = YES;
				CLANG_WARN_NON_LITERAL_NULL_CONVERSION = YES;
				CLANG_WARN_OBJC_LITERAL_CONVERSION = YES;
				CLANG_WARN_OBJC_ROOT_CLASS = YES_ERROR;
				CLANG_WARN_RANGE_LOOP_ANALYSIS = YES;
				CLANG_WARN_STRICT_PROTOTYPES = YES;
				CLANG_WARN_SUSPICIOUS_MOVE = YES;
				CLANG_WARN_UNGUARDED_AVAILABILITY = YES_AGGRESSIVE;
				CLANG_WARN_UNREACHABLE_CODE = YES;
				CLANG_WARN__DUPLICATE_METHOD_MATCH = YES;
				CODE_SIGN_IDENTITY = "iPhone Developer";
				COPY_PHASE_STRIP = NO;
				DEBUG_INFORMATION_FORMAT = dwarf;
				ENABLE_STRICT_OBJC_MSGSEND = YES;
				ENABLE_TESTABILITY = YES;
				GCC_C_LANGUAGE_STANDARD = gnu11;
				GCC_DYNAMIC_NO_PIC = NO;
				GCC_NO_COMMON_BLOCKS = YES;
				GCC_OPTIMIZATION_LEVEL = 0;
				GCC_PREPROCESSOR_DEFINITIONS = (
					"DEBUG=1",
					"$(inherited)",
				);
				GCC_WARN_64_TO_32_BIT_CONVERSION = YES;
				GCC_WARN_ABOUT_RETURN_TYPE = YES_ERROR;
				GCC_WARN_UNDECLARED_SELECTOR = YES;
				GCC_WARN_UNINITIALIZED_AUTOS = YES_AGGRESSIVE;
				GCC_WARN_UNUSED_FUNCTION = YES;
				GCC_WARN_UNUSED_VARIABLE = YES;
				IPHONEOS_DEPLOYMENT_TARGET = 11.0;
				MTL_ENABLE_DEBUG_INFO = YES;
				ONLY_ACTIVE_ARCH = YES;
				SDKROOT = iphoneos;
			};
			name = Debug;
		};
		2AFB2B651FB00EF5002ECF46 /* Release */ = {
			isa = XCBuildConfiguration;
			buildSettings = {
				ALWAYS_SEARCH_USER_PATHS = NO;
				CLANG_ANALYZER_NONNULL = YES;
				CLANG_ANALYZER_NUMBER_OBJECT_CONVERSION = YES_AGGRESSIVE;
				CLANG_CXX_LANGUAGE_STANDARD = "gnu++14";
				CLANG_CXX_LIBRARY = "libc++";
				CLANG_ENABLE_MODULES = YES;
				CLANG_ENABLE_OBJC_ARC = YES;
				CLANG_WARN_BLOCK_CAPTURE_AUTORELEASING = YES;
				CLANG_WARN_BOOL_CONVERSION = YES;
				CLANG_WARN_COMMA = YES;
				CLANG_WARN_CONSTANT_CONVERSION = YES;
				CLANG_WARN_DIRECT_OBJC_ISA_USAGE = YES_ERROR;
				CLANG_WARN_DOCUMENTATION_COMMENTS = YES;
				CLANG_WARN_EMPTY_BODY = YES;
				CLANG_WARN_ENUM_CONVERSION = YES;
				CLANG_WARN_INFINITE_RECURSION = YES;
				CLANG_WARN_INT_CONVERSION = YES;
				CLANG_WARN_NON_LITERAL_NULL_CONVERSION = YES;
				CLANG_WARN_OBJC_LITERAL_CONVERSION = YES;
				CLANG_WARN_OBJC_ROOT_CLASS = YES_ERROR;
				CLANG_WARN_RANGE_LOOP_ANALYSIS = YES;
				CLANG_WARN_STRICT_PROTOTYPES = YES;
				CLANG_WARN_SUSPICIOUS_MOVE = YES;
				CLANG_WARN_UNGUARDED_AVAILABILITY = YES_AGGRESSIVE;
				CLANG_WARN_UNREACHABLE_CODE = YES;
				CLANG_WARN__DUPLICATE_METHOD_MATCH = YES;
				CODE_SIGN_IDENTITY = "iPhone Developer";
				COPY_PHASE_STRIP = NO;
				DEBUG_INFORMATION_FORMAT = "dwarf-with-dsym";
				ENABLE_NS_ASSERTIONS = NO;
				ENABLE_STRICT_OBJC_MSGSEND = YES;
				GCC_C_LANGUAGE_STANDARD = gnu11;
				GCC_NO_COMMON_BLOCKS = YES;
				GCC_WARN_64_TO_32_BIT_CONVERSION = YES;
				GCC_WARN_ABOUT_RETURN_TYPE = YES_ERROR;
				GCC_WARN_UNDECLARED_SELECTOR = YES;
				GCC_WARN_UNINITIALIZED_AUTOS = YES_AGGRESSIVE;
				GCC_WARN_UNUSED_FUNCTION = YES;
				GCC_WARN_UNUSED_VARIABLE = YES;
				IPHONEOS_DEPLOYMENT_TARGET = 11.0;
				MTL_ENABLE_DEBUG_INFO = NO;
				SDKROOT = iphoneos;
				VALIDATE_PRODUCT = YES;
			};
			name = Release;
		};
		2AFB2B671FB00EF5002ECF46 /* Debug */ = {
			isa = XCBuildConfiguration;
			buildSettings = {
				ASSETCATALOG_COMPILER_APPICON_NAME = AppIcon;
				CODE_SIGN_STYLE = Automatic;
				DEVELOPMENT_TEAM = D68Z7HL3T6;
				INFOPLIST_FILE = SIMDEMO/Info.plist;
				LD_RUNPATH_SEARCH_PATHS = "$(inherited) @executable_path/Frameworks";
				PRODUCT_BUNDLE_IDENTIFIER = com.Louis.SIMDEMO;
				PRODUCT_NAME = "$(TARGET_NAME)";
				TARGETED_DEVICE_FAMILY = "1,2";
			};
			name = Debug;
		};
		2AFB2B681FB00EF5002ECF46 /* Release */ = {
			isa = XCBuildConfiguration;
			buildSettings = {
				ASSETCATALOG_COMPILER_APPICON_NAME = AppIcon;
				CODE_SIGN_STYLE = Automatic;
				DEVELOPMENT_TEAM = D68Z7HL3T6;
				INFOPLIST_FILE = SIMDEMO/Info.plist;
				LD_RUNPATH_SEARCH_PATHS = "$(inherited) @executable_path/Frameworks";
				PRODUCT_BUNDLE_IDENTIFIER = com.Louis.SIMDEMO;
				PRODUCT_NAME = "$(TARGET_NAME)";
				TARGETED_DEVICE_FAMILY = "1,2";
			};
			name = Release;
		};
/* End XCBuildConfiguration section */

/* Begin XCConfigurationList section */
		2AFB2B4B1FB00EF5002ECF46 /* Build configuration list for PBXProject "SIMDEMO" */ = {
			isa = XCConfigurationList;
			buildConfigurations = (
				2AFB2B641FB00EF5002ECF46 /* Debug */,
				2AFB2B651FB00EF5002ECF46 /* Release */,
			);
			defaultConfigurationIsVisible = 0;
			defaultConfigurationName = Release;
		};
		2AFB2B661FB00EF5002ECF46 /* Build configuration list for PBXNativeTarget "SIMDEMO" */ = {
			isa = XCConfigurationList;
			buildConfigurations = (
				2AFB2B671FB00EF5002ECF46 /* Debug */,
				2AFB2B681FB00EF5002ECF46 /* Release */,
			);
			defaultConfigurationIsVisible = 0;
			defaultConfigurationName = Release;
		};
/* End XCConfigurationList section */
	};
	rootObject = 2AFB2B481FB00EF5002ECF46 /* Project object */;
}
